
Microsoft Visual Studio Solution File, Format Version 12.00
# Visual Studio Version 17
VisualStudioVersion = 17.10.35004.147
MinimumVisualStudioVersion = 10.0.40219.1
Project("{FAE04EC0-301F-11D3-BF4B-00C04F79EFBC}") = "MathGameMauiApp", "MathGameMauiApp\MathGameMauiApp.csproj", "{298EEAF8-D9AB-45C8-AB95-B795AF4528A5}"
EndProject
Global
	GlobalSection(SolutionConfigurationPlatforms) = preSolution
		Debug|Any CPU = Debug|Any CPU
		Release|Any CPU = Release|Any CPU
	EndGlobalSection
	GlobalSection(ProjectConfigurationPlatforms) = postSolution
		{298EEAF8-D9AB-45C8-AB95-B795AF4528A5}.Debug|Any CPU.ActiveCfg = Debug|Any CPU
		{298EEAF8-D9AB-45C8-AB95-B795AF4528A5}.Debug|Any CPU.Build.0 = Debug|Any CPU
		{298EEAF8-D9AB-45C8-AB95-B795AF4528A5}.Debug|Any CPU.Deploy.0 = Debug|Any CPU
		{298EEAF8-D9AB-45C8-AB95-B795AF4528A5}.Release|Any CPU.ActiveCfg = Release|Any CPU
		{298EEAF8-D9AB-45C8-AB95-B795AF4528A5}.Release|Any CPU.Build.0 = Release|Any CPU
		{298EEAF8-D9AB-45C8-AB95-B795AF4528A5}.Release|Any CPU.Deploy.0 = Release|Any CPU
	EndGlobalSection
	GlobalSection(SolutionProperties) = preSolution
		HideSolutionNode = FALSE
	EndGlobalSection
	GlobalSection(ExtensibilityGlobals) = postSolution
		SolutionGuid = {523752D4-EBBD-41F9-AA1F-B6013B812D80}
	EndGlobalSection
EndGlobal
